github.com/coder/acp-go-sdk v0.12.2 h1:fpRJ8Z5HMSr5cZ5IywzFlFZcIxZOsto+laNVu7XelFA=
github.com/coder/acp-go-sdk v0.12.2/go.mod h1:yKzM/3R9uELp4+nBAwwtkS0aN1FOFjo11CNPy37yFko=
github.com/pelletier/go-toml/v2 v2.3.1 h1:MYEvvGnQjeNkRF1qUuGolNtNExTDwct51yp7olPtrEc=
github.com/pelletier/go-toml/v2 v2.3.1/go.mod h1:2gIqNv+qfxSVS7cM2xJQKtLSTLUE9V8t9Stt+h56mCY=
